PODS:
  - Flutter (1.0.0)
  - icloud_storage (0.0.1):
    - Flutter

DEPENDENCIES:
  - Flutter (from `Flutter`)
  - icloud_storage (from `.symlinks/plugins/icloud_storage/ios`)

EXTERNAL SOURCES:
  Flutter:
    :path: Flutter
  icloud_storage:
    :path: ".symlinks/plugins/icloud_storage/ios"

SPEC CHECKSUMS:
  Flutter: cabc95a1d2626b1b06e7179b784ebcf0c0cde467
  icloud_storage: e55639f0c0d7cb2b0ba9c0b3d5968ccca9cd9aa2

PODFILE CHECKSUM: 5a0fb6438066e44ab2c77bd223668d351b8d8461

COCOAPODS: 1.16.2
